
Microsoft Visual Studio Solution File, Format Version 12.00
# Visual Studio Version 16
VisualStudioVersion = 16.0.32126.315
MinimumVisualStudioVersion = 10.0.40219.1
Project("{FAE04EC0-301F-11D3-BF4B-00C04F79EFBC}") = "Kullanici_ModelBinderAPP", "Kullanici_ModelBinderAPP.csproj", "{A2778B8D-6354-4702-8353-A5F4CE56D1D9}"
EndProject
Global
	GlobalSection(SolutionConfigurationPlatforms) = preSolution
		Debug|Any CPU = Debug|Any CPU
		Release|Any CPU = Release|Any CPU
	EndGlobalSection
	GlobalSection(ProjectConfigurationPlatforms) = postSolution
		{A2778B8D-6354-4702-8353-A5F4CE56D1D9}.Debug|Any CPU.ActiveCfg = Debug|Any CPU
		{A2778B8D-6354-4702-8353-A5F4CE56D1D9}.Debug|Any CPU.Build.0 = Debug|Any CPU
		{A2778B8D-6354-4702-8353-A5F4CE56D1D9}.Release|Any CPU.ActiveCfg = Release|Any CPU
		{A2778B8D-6354-4702-8353-A5F4CE56D1D9}.Release|Any CPU.Build.0 = Release|Any CPU
	EndGlobalSection
	GlobalSection(SolutionProperties) = preSolution
		HideSolutionNode = FALSE
	EndGlobalSection
	GlobalSection(ExtensibilityGlobals) = postSolution
		SolutionGuid = {5C3E08E0-A878-473A-AB2A-79E020F0519E}
	EndGlobalSection
EndGlobal
