
Microsoft Visual Studio Solution File, Format Version 12.00
# Visual Studio Version 16
VisualStudioVersion = 16.0.32126.315
MinimumVisualStudioVersion = 10.0.40219.1
Project("{FAE04EC0-301F-11D3-BF4B-00C04F79EFBC}") = "EntitiyApp", "EntitiyApp.csproj", "{CD7FBF78-8102-4D0F-A39C-EB5CBF1FFB5D}"
EndProject
Global
	GlobalSection(SolutionConfigurationPlatforms) = preSolution
		Debug|Any CPU = Debug|Any CPU
		Release|Any CPU = Release|Any CPU
	EndGlobalSection
	GlobalSection(ProjectConfigurationPlatforms) = postSolution
		{CD7FBF78-8102-4D0F-A39C-EB5CBF1FFB5D}.Debug|Any CPU.ActiveCfg = Debug|Any CPU
		{CD7FBF78-8102-4D0F-A39C-EB5CBF1FFB5D}.Debug|Any CPU.Build.0 = Debug|Any CPU
		{CD7FBF78-8102-4D0F-A39C-EB5CBF1FFB5D}.Release|Any CPU.ActiveCfg = Release|Any CPU
		{CD7FBF78-8102-4D0F-A39C-EB5CBF1FFB5D}.Release|Any CPU.Build.0 = Release|Any CPU
	EndGlobalSection
	GlobalSection(SolutionProperties) = preSolution
		HideSolutionNode = FALSE
	EndGlobalSection
	GlobalSection(ExtensibilityGlobals) = postSolution
		SolutionGuid = {ECB1F0D6-1777-4052-ABB5-4C6251F03AD2}
	EndGlobalSection
EndGlobal
