
Microsoft Visual Studio Solution File, Format Version 12.00
# Visual Studio Version 16
VisualStudioVersion = 16.0.32126.315
MinimumVisualStudioVersion = 10.0.40219.1
Project("{FAE04EC0-301F-11D3-BF4B-00C04F79EFBC}") = "ValidationControls", "ValidationControls.csproj", "{7F1F2F70-523C-4DAA-B3F2-F4D414CC662D}"
EndProject
Global
	GlobalSection(SolutionConfigurationPlatforms) = preSolution
		Debug|Any CPU = Debug|Any CPU
		Release|Any CPU = Release|Any CPU
	EndGlobalSection
	GlobalSection(ProjectConfigurationPlatforms) = postSolution
		{7F1F2F70-523C-4DAA-B3F2-F4D414CC662D}.Debug|Any CPU.ActiveCfg = Debug|Any CPU
		{7F1F2F70-523C-4DAA-B3F2-F4D414CC662D}.Debug|Any CPU.Build.0 = Debug|Any CPU
		{7F1F2F70-523C-4DAA-B3F2-F4D414CC662D}.Release|Any CPU.ActiveCfg = Release|Any CPU
		{7F1F2F70-523C-4DAA-B3F2-F4D414CC662D}.Release|Any CPU.Build.0 = Release|Any CPU
	EndGlobalSection
	GlobalSection(SolutionProperties) = preSolution
		HideSolutionNode = FALSE
	EndGlobalSection
	GlobalSection(ExtensibilityGlobals) = postSolution
		SolutionGuid = {F7ED16BE-5C0D-463D-8223-BBE633ED3C69}
	EndGlobalSection
EndGlobal
